
Microsoft Visual Studio Solution File, Format Version 12.00
# Visual Studio 15
VisualStudioVersion = 15.0.28307.489
MinimumVisualStudioVersion = 10.0.40219.1
Project("{FAE04EC0-301F-11D3-BF4B-00C04F79EFBC}") = "stop_watch", "stop_watch\stop_watch.csproj", "{A2BF8EEE-FA68-452A-812D-8CB6E669F888}"
EndProject
Global
	GlobalSection(SolutionConfigurationPlatforms) = preSolution
		Debug|Any CPU = Debug|Any CPU
		Release|Any CPU = Release|Any CPU
	EndGlobalSection
	GlobalSection(ProjectConfigurationPlatforms) = postSolution
		{A2BF8EEE-FA68-452A-812D-8CB6E669F888}.Debug|Any CPU.ActiveCfg = Debug|Any CPU
		{A2BF8EEE-FA68-452A-812D-8CB6E669F888}.Debug|Any CPU.Build.0 = Debug|Any CPU
		{A2BF8EEE-FA68-452A-812D-8CB6E669F888}.Release|Any CPU.ActiveCfg = Release|Any CPU
		{A2BF8EEE-FA68-452A-812D-8CB6E669F888}.Release|Any CPU.Build.0 = Release|Any CPU
	EndGlobalSection
	GlobalSection(SolutionProperties) = preSolution
		HideSolutionNode = FALSE
	EndGlobalSection
	GlobalSection(ExtensibilityGlobals) = postSolution
		SolutionGuid = {F4FF32DE-2638-4CAF-84AE-B77336916297}
	EndGlobalSection
EndGlobal
